// !$*UTF8*$!
{
	archiveVersion = 1;
	classes = {
	};
	objectVersion = 50;
	objects = {

/* Begin PBXBuildFile section */
		6EAC14F32662B1F800DCCAEB /* DevDetailsCardView.swift in Sources */ = {isa = PBXBuildFile; fileRef = 6EAC14F22662B1F800DCCAEB /* DevDetailsCardView.swift */; };
		6EAC14FA2662B4AB00DCCAEB /* AppDetailsCardView.swift in Sources */ = {isa = PBXBuildFile; fileRef = 6EAC14F92662B4AB00DCCAEB /* AppDetailsCardView.swift */; };
		6EAC14FE2662B67600DCCAEB /* SourceLinkView.swift in Sources */ = {isa = PBXBuildFile; fileRef = 6EAC14FD2662B67600DCCAEB /* SourceLinkView.swift */; };
		6EF0D61A2660C81100AD6010 /* AnimeoteApp.swift in Sources */ = {isa = PBXBuildFile; fileRef = 6EF0D6192660C81100AD6010 /* AnimeoteApp.swift */; };
		6EF0D61C2660C81100AD6010 /* ContentView.swift in Sources */ = {isa = PBXBuildFile; fileRef = 6EF0D61B2660C81100AD6010 /* ContentView.swift */; };
		6EF0D61E2660C81400AD6010 /* Assets.xcassets in Resources */ = {isa = PBXBuildFile; fileRef = 6EF0D61D2660C81400AD6010 /* Assets.xcassets */; };
		6EF0D6212660C81400AD6010 /* Preview Assets.xcassets in Resources */ = {isa = PBXBuildFile; fileRef = 6EF0D6202660C81400AD6010 /* Preview Assets.xcassets */; };
		6EF0D6232660C81400AD6010 /* Persistence.swift in Sources */ = {isa = PBXBuildFile; fileRef = 6EF0D6222660C81400AD6010 /* Persistence.swift */; };
		6EF0D6262660C81400AD6010 /* Animeote.xcdatamodeld in Sources */ = {isa = PBXBuildFile; fileRef = 6EF0D6242660C81400AD6010 /* Animeote.xcdatamodeld */; };
		6EF0D654266110AD00AD6010 /* BlankView.swift in Sources */ = {isa = PBXBuildFile; fileRef = 6EF0D653266110AD00AD6010 /* BlankView.swift */; };
		6EF0D658266110FD00AD6010 /* Constants.swift in Sources */ = {isa = PBXBuildFile; fileRef = 6EF0D657266110FD00AD6010 /* Constants.swift */; };
		6EF0D65B2661163D00AD6010 /* QuoteCardView.swift in Sources */ = {isa = PBXBuildFile; fileRef = 6EF0D65A2661163D00AD6010 /* QuoteCardView.swift */; };
		6EF0D65E26611F9600AD6010 /* RoundButton.swift in Sources */ = {isa = PBXBuildFile; fileRef = 6EF0D65D26611F9600AD6010 /* RoundButton.swift */; };
		6EF0D66226612E4900AD6010 /* MainHeaderView.swift in Sources */ = {isa = PBXBuildFile; fileRef = 6EF0D66126612E4900AD6010 /* MainHeaderView.swift */; };
		6EF0D66626613C9000AD6010 /* Extensions.swift in Sources */ = {isa = PBXBuildFile; fileRef = 6EF0D66526613C9000AD6010 /* Extensions.swift */; };
		6EF0D673266233F100AD6010 /* NetworkingApi.swift in Sources */ = {isa = PBXBuildFile; fileRef = 6EF0D672266233F100AD6010 /* NetworkingApi.swift */; };
		6EF0D677266239C100AD6010 /* QuoteServerModel.swift in Sources */ = {isa = PBXBuildFile; fileRef = 6EF0D676266239C100AD6010 /* QuoteServerModel.swift */; };
		6EF0D67B26623A8E00AD6010 /* DatabaseHandler.swift in Sources */ = {isa = PBXBuildFile; fileRef = 6EF0D67A26623A8E00AD6010 /* DatabaseHandler.swift */; };
		6EF0D67F26623CC900AD6010 /* QuoteViewModel.swift in Sources */ = {isa = PBXBuildFile; fileRef = 6EF0D67E26623CC900AD6010 /* QuoteViewModel.swift */; };
		6EF0D6932662653C00AD6010 /* SavedQuotesView.swift in Sources */ = {isa = PBXBuildFile; fileRef = 6EF0D6922662653C00AD6010 /* SavedQuotesView.swift */; };
		6EF0D6962662661400AD6010 /* HeaderView.swift in Sources */ = {isa = PBXBuildFile; fileRef = 6EF0D6952662661400AD6010 /* HeaderView.swift */; };
		6EF0D69E26627A4900AD6010 /* MainScreen.swift in Sources */ = {isa = PBXBuildFile; fileRef = 6EF0D69D26627A4900AD6010 /* MainScreen.swift */; };
		6EF0D6A326627F3400AD6010 /* InfoView.swift in Sources */ = {isa = PBXBuildFile; fileRef = 6EF0D6A226627F3400AD6010 /* InfoView.swift */; };
		6EF0D6A7266297F400AD6010 /* AppState.swift in Sources */ = {isa = PBXBuildFile; fileRef = 6EF0D6A6266297F400AD6010 /* AppState.swift */; };
		6EF0D6AC2662AADD00AD6010 /* SavedQuoteCardView.swift in Sources */ = {isa = PBXBuildFile; fileRef = 6EF0D6AB2662AADD00AD6010 /* SavedQuoteCardView.swift */; };
/* End PBXBuildFile section */

/* Begin PBXFileReference section */
		6EAC14F22662B1F800DCCAEB /* DevDetailsCardView.swift */ = {isa = PBXFileReference; lastKnownFileType = sourcecode.swift; path = DevDetailsCardView.swift; sourceTree = "<group>"; };
		6EAC14F92662B4AB00DCCAEB /* AppDetailsCardView.swift */ = {isa = PBXFileReference; lastKnownFileType = sourcecode.swift; path = AppDetailsCardView.swift; sourceTree = "<group>"; };
		6EAC14FD2662B67600DCCAEB /* SourceLinkView.swift */ = {isa = PBXFileReference; lastKnownFileType = sourcecode.swift; path = SourceLinkView.swift; sourceTree = "<group>"; };
		6EF0D6162660C81100AD6010 /* Animeote.app */ = {isa = PBXFileReference; explicitFileType = wrapper.application; includeInIndex = 0; path = Animeote.app; sourceTree = BUILT_PRODUCTS_DIR; };
		6EF0D6192660C81100AD6010 /* AnimeoteApp.swift */ = {isa = PBXFileReference; lastKnownFileType = sourcecode.swift; path = AnimeoteApp.swift; sourceTree = "<group>"; };
		6EF0D61B2660C81100AD6010 /* ContentView.swift */ = {isa = PBXFileReference; lastKnownFileType = sourcecode.swift; path = ContentView.swift; sourceTree = "<group>"; };
		6EF0D61D2660C81400AD6010 /* Assets.xcassets */ = {isa = PBXFileReference; lastKnownFileType = folder.assetcatalog; path = Assets.xcassets; sourceTree = "<group>"; };
		6EF0D6202660C81400AD6010 /* Preview Assets.xcassets */ = {isa = PBXFileReference; lastKnownFileType = folder.assetcatalog; path = "Preview Assets.xcassets"; sourceTree = "<group>"; };
		6EF0D6222660C81400AD6010 /* Persistence.swift */ = {isa = PBXFileReference; lastKnownFileType = sourcecode.swift; path = Persistence.swift; sourceTree = "<group>"; };
		6EF0D6252660C81400AD6010 /* Animeote.xcdatamodel */ = {isa = PBXFileReference; lastKnownFileType = wrapper.xcdatamodel; path = Animeote.xcdatamodel; sourceTree = "<group>"; };
		6EF0D6272660C81400AD6010 /* Info.plist */ = {isa = PBXFileReference; lastKnownFileType = text.plist.xml; path = Info.plist; sourceTree = "<group>"; };
		6EF0D653266110AD00AD6010 /* BlankView.swift */ = {isa = PBXFileReference; lastKnownFileType = sourcecode.swift; path = BlankView.swift; sourceTree = "<group>"; };
		6EF0D657266110FD00AD6010 /* Constants.swift */ = {isa = PBXFileReference; lastKnownFileType = sourcecode.swift; path = Constants.swift; sourceTree = "<group>"; };
		6EF0D65A2661163D00AD6010 /* QuoteCardView.swift */ = {isa = PBXFileReference; lastKnownFileType = sourcecode.swift; path = QuoteCardView.swift; sourceTree = "<group>"; };
		6EF0D65D26611F9600AD6010 /* RoundButton.swift */ = {isa = PBXFileReference; lastKnownFileType = sourcecode.swift; path = RoundButton.swift; sourceTree = "<group>"; };
		6EF0D66126612E4900AD6010 /* MainHeaderView.swift */ = {isa = PBXFileReference; lastKnownFileType = sourcecode.swift; path = MainHeaderView.swift; sourceTree = "<group>"; };
		6EF0D66526613C9000AD6010 /* Extensions.swift */ = {isa = PBXFileReference; lastKnownFileType = sourcecode.swift; path = Extensions.swift; sourceTree = "<group>"; };
		6EF0D672266233F100AD6010 /* NetworkingApi.swift */ = {isa = PBXFileReference; lastKnownFileType = sourcecode.swift; path = NetworkingApi.swift; sourceTree = "<group>"; };
		6EF0D676266239C100AD6010 /* QuoteServerModel.swift */ = {isa = PBXFileReference; lastKnownFileType = sourcecode.swift; path = QuoteServerModel.swift; sourceTree = "<group>"; };
		6EF0D67A26623A8E00AD6010 /* DatabaseHandler.swift */ = {isa = PBXFileReference; lastKnownFileType = sourcecode.swift; path = DatabaseHandler.swift; sourceTree = "<group>"; };
		6EF0D67E26623CC900AD6010 /* QuoteViewModel.swift */ = {isa = PBXFileReference; lastKnownFileType = sourcecode.swift; path = QuoteViewModel.swift; sourceTree = "<group>"; };
		6EF0D6922662653C00AD6010 /* SavedQuotesView.swift */ = {isa = PBXFileReference; lastKnownFileType = sourcecode.swift; path = SavedQuotesView.swift; sourceTree = "<group>"; };
		6EF0D6952662661400AD6010 /* HeaderView.swift */ = {isa = PBXFileReference; lastKnownFileType = sourcecode.swift; path = HeaderView.swift; sourceTree = "<group>"; };
		6EF0D69D26627A4900AD6010 /* MainScreen.swift */ = {isa = PBXFileReference; lastKnownFileType = sourcecode.swift; path = MainScreen.swift; sourceTree = "<group>"; };
		6EF0D6A226627F3400AD6010 /* InfoView.swift */ = {isa = PBXFileReference; lastKnownFileType = sourcecode.swift; path = InfoView.swift; sourceTree = "<group>"; };
		6EF0D6A6266297F400AD6010 /* AppState.swift */ = {isa = PBXFileReference; lastKnownFileType = sourcecode.swift; path = AppState.swift; sourceTree = "<group>"; };
		6EF0D6AB2662AADD00AD6010 /* SavedQuoteCardView.swift */ = {isa = PBXFileReference; lastKnownFileType = sourcecode.swift; path = SavedQuoteCardView.swift; sourceTree = "<group>"; };
/* End PBXFileReference section */

/* Begin PBXFrameworksBuildPhase section */
		6EF0D6132660C81100AD6010 /* Frameworks */ = {
			isa = PBXFrameworksBuildPhase;
			buildActionMask = 2147483647;
			files = (
			);
			runOnlyForDeploymentPostprocessing = 0;
		};
/* End PBXFrameworksBuildPhase section */

/* Begin PBXGroup section */
		6EAC14F52662B43800DCCAEB /* InfoViews */ = {
			isa = PBXGroup;
			children = (
				6EAC14F22662B1F800DCCAEB /* DevDetailsCardView.swift */,
				6EAC14F92662B4AB00DCCAEB /* AppDetailsCardView.swift */,
			);
			path = InfoViews;
			sourceTree = "<group>";
		};
		6EAC14F62662B44900DCCAEB /* MainViews */ = {
			isa = PBXGroup;
			children = (
				6EF0D65A2661163D00AD6010 /* QuoteCardView.swift */,
				6EF0D66126612E4900AD6010 /* MainHeaderView.swift */,
			);
			path = MainViews;
			sourceTree = "<group>";
		};
		6EAC14F72662B45700DCCAEB /* SavedQuotesViews */ = {
			isa = PBXGroup;
			children = (
				6EF0D6AB2662AADD00AD6010 /* SavedQuoteCardView.swift */,
			);
			path = SavedQuotesViews;
			sourceTree = "<group>";
		};
		6EAC14F82662B47800DCCAEB /* CommonViews */ = {
			isa = PBXGroup;
			children = (
				6EF0D65D26611F9600AD6010 /* RoundButton.swift */,
				6EF0D6952662661400AD6010 /* HeaderView.swift */,
				6EAC14FD2662B67600DCCAEB /* SourceLinkView.swift */,
			);
			path = CommonViews;
			sourceTree = "<group>";
		};
		6EF0D60D2660C81100AD6010 = {
			isa = PBXGroup;
			children = (
				6EF0D6182660C81100AD6010 /* Animeote */,
				6EF0D6172660C81100AD6010 /* Products */,
			);
			sourceTree = "<group>";
		};
		6EF0D6172660C81100AD6010 /* Products */ = {
			isa = PBXGroup;
			children = (
				6EF0D6162660C81100AD6010 /* Animeote.app */,
			);
			name = Products;
			sourceTree = "<group>";
		};
		6EF0D6182660C81100AD6010 /* Animeote */ = {
			isa = PBXGroup;
			children = (
				6EF0D62E2660C8A100AD6010 /* App */,
				6EF0D671266233CE00AD6010 /* Networking */,
				6EF0D67926623A6A00AD6010 /* Database */,
				6EF0D62F2660C8A900AD6010 /* Model */,
				6EF0D6312660C8C100AD6010 /* ViewModel */,
				6EF0D6302660C8AF00AD6010 /* Views */,
				6EF0D6522661109400AD6010 /* Styles */,
				6EF0D6322660C8DF00AD6010 /* Utils */,
				6EF0D61D2660C81400AD6010 /* Assets.xcassets */,
				6EF0D6272660C81400AD6010 /* Info.plist */,
				6EF0D61F2660C81400AD6010 /* Preview Content */,
			);
			path = Animeote;
			sourceTree = "<group>";
		};
		6EF0D61F2660C81400AD6010 /* Preview Content */ = {
			isa = PBXGroup;
			children = (
				6EF0D6202660C81400AD6010 /* Preview Assets.xcassets */,
			);
			path = "Preview Content";
			sourceTree = "<group>";
		};
		6EF0D62E2660C8A100AD6010 /* App */ = {
			isa = PBXGroup;
			children = (
				6EF0D6192660C81100AD6010 /* AnimeoteApp.swift */,
				6EF0D61B2660C81100AD6010 /* ContentView.swift */,
				6EF0D69D26627A4900AD6010 /* MainScreen.swift */,
				6EF0D6922662653C00AD6010 /* SavedQuotesView.swift */,
				6EF0D6A226627F3400AD6010 /* InfoView.swift */,
			);
			path = App;
			sourceTree = "<group>";
		};
		6EF0D62F2660C8A900AD6010 /* Model */ = {
			isa = PBXGroup;
			children = (
				6EF0D676266239C100AD6010 /* QuoteServerModel.swift */,
			);
			path = Model;
			sourceTree = "<group>";
		};
		6EF0D6302660C8AF00AD6010 /* Views */ = {
			isa = PBXGroup;
			children = (
				6EAC14F72662B45700DCCAEB /* SavedQuotesViews */,
				6EAC14F62662B44900DCCAEB /* MainViews */,
				6EAC14F52662B43800DCCAEB /* InfoViews */,
				6EAC14F82662B47800DCCAEB /* CommonViews */,
			);
			path = Views;
			sourceTree = "<group>";
		};
		6EF0D6312660C8C100AD6010 /* ViewModel */ = {
			isa = PBXGroup;
			children = (
				6EF0D67E26623CC900AD6010 /* QuoteViewModel.swift */,
			);
			path = ViewModel;
			sourceTree = "<group>";
		};
		6EF0D6322660C8DF00AD6010 /* Utils */ = {
			isa = PBXGroup;
			children = (
				6EF0D657266110FD00AD6010 /* Constants.swift */,
				6EF0D66526613C9000AD6010 /* Extensions.swift */,
				6EF0D6A6266297F400AD6010 /* AppState.swift */,
			);
			path = Utils;
			sourceTree = "<group>";
		};
		6EF0D6522661109400AD6010 /* Styles */ = {
			isa = PBXGroup;
			children = (
				6EF0D653266110AD00AD6010 /* BlankView.swift */,
			);
			path = Styles;
			sourceTree = "<group>";
		};
		6EF0D671266233CE00AD6010 /* Networking */ = {
			isa = PBXGroup;
			children = (
				6EF0D672266233F100AD6010 /* NetworkingApi.swift */,
			);
			path = Networking;
			sourceTree = "<group>";
		};
		6EF0D67926623A6A00AD6010 /* Database */ = {
			isa = PBXGroup;
			children = (
				6EF0D6222660C81400AD6010 /* Persistence.swift */,
				6EF0D6242660C81400AD6010 /* Animeote.xcdatamodeld */,
				6EF0D67A26623A8E00AD6010 /* DatabaseHandler.swift */,
			);
			path = Database;
			sourceTree = "<group>";
		};
/* End PBXGroup section */

/* Begin PBXNativeTarget section */
		6EF0D6152660C81100AD6010 /* Animeote */ = {
			isa = PBXNativeTarget;
			buildConfigurationList = 6EF0D62A2660C81400AD6010 /* Build configuration list for PBXNativeTarget "Animeote" */;
			buildPhases = (
				6EF0D6122660C81100AD6010 /* Sources */,
				6EF0D6132660C81100AD6010 /* Frameworks */,
				6EF0D6142660C81100AD6010 /* Resources */,
			);
			buildRules = (
			);
			dependencies = (
			);
			name = Animeote;
			productName = Animeote;
			productReference = 6EF0D6162660C81100AD6010 /* Animeote.app */;
			productType = "com.apple.product-type.application";
		};
/* End PBXNativeTarget section */

/* Begin PBXProject section */
		6EF0D60E2660C81100AD6010 /* Project object */ = {
			isa = PBXProject;
			attributes = {
				LastSwiftUpdateCheck = 1240;
				LastUpgradeCheck = 1240;
				TargetAttributes = {
					6EF0D6152660C81100AD6010 = {
						CreatedOnToolsVersion = 12.4;
					};
				};
			};
			buildConfigurationList = 6EF0D6112660C81100AD6010 /* Build configuration list for PBXProject "Animeote" */;
			compatibilityVersion = "Xcode 9.3";
			developmentRegion = en;
			hasScannedForEncodings = 0;
			knownRegions = (
				en,
				Base,
			);
			mainGroup = 6EF0D60D2660C81100AD6010;
			productRefGroup = 6EF0D6172660C81100AD6010 /* Products */;
			projectDirPath = "";
			projectRoot = "";
			targets = (
				6EF0D6152660C81100AD6010 /* Animeote */,
			);
		};
/* End PBXProject section */

/* Begin PBXResourcesBuildPhase section */
		6EF0D6142660C81100AD6010 /* Resources */ = {
			isa = PBXResourcesBuildPhase;
			buildActionMask = 2147483647;
			files = (
				6EF0D6212660C81400AD6010 /* Preview Assets.xcassets in Resources */,
				6EF0D61E2660C81400AD6010 /* Assets.xcassets in Resources */,
			);
			runOnlyForDeploymentPostprocessing = 0;
		};
/* End PBXResourcesBuildPhase section */

/* Begin PBXSourcesBuildPhase section */
		6EF0D6122660C81100AD6010 /* Sources */ = {
			isa = PBXSourcesBuildPhase;
			buildActionMask = 2147483647;
			files = (
				6EF0D67B26623A8E00AD6010 /* DatabaseHandler.swift in Sources */,
				6EF0D6AC2662AADD00AD6010 /* SavedQuoteCardView.swift in Sources */,
				6EF0D65E26611F9600AD6010 /* RoundButton.swift in Sources */,
				6EF0D6A7266297F400AD6010 /* AppState.swift in Sources */,
				6EF0D6232660C81400AD6010 /* Persistence.swift in Sources */,
				6EAC14FA2662B4AB00DCCAEB /* AppDetailsCardView.swift in Sources */,
				6EF0D654266110AD00AD6010 /* BlankView.swift in Sources */,
				6EF0D673266233F100AD6010 /* NetworkingApi.swift in Sources */,
				6EF0D61C2660C81100AD6010 /* ContentView.swift in Sources */,
				6EF0D677266239C100AD6010 /* QuoteServerModel.swift in Sources */,
				6EF0D69E26627A4900AD6010 /* MainScreen.swift in Sources */,
				6EF0D66226612E4900AD6010 /* MainHeaderView.swift in Sources */,
				6EF0D61A2660C81100AD6010 /* AnimeoteApp.swift in Sources */,
				6EF0D6932662653C00AD6010 /* SavedQuotesView.swift in Sources */,
				6EF0D67F26623CC900AD6010 /* QuoteViewModel.swift in Sources */,
				6EF0D65B2661163D00AD6010 /* QuoteCardView.swift in Sources */,
				6EF0D6262660C81400AD6010 /* Animeote.xcdatamodeld in Sources */,
				6EF0D66626613C9000AD6010 /* Extensions.swift in Sources */,
				6EAC14FE2662B67600DCCAEB /* SourceLinkView.swift in Sources */,
				6EF0D658266110FD00AD6010 /* Constants.swift in Sources */,
				6EF0D6A326627F3400AD6010 /* InfoView.swift in Sources */,
				6EF0D6962662661400AD6010 /* HeaderView.swift in Sources */,
				6EAC14F32662B1F800DCCAEB /* DevDetailsCardView.swift in Sources */,
			);
			runOnlyForDeploymentPostprocessing = 0;
		};
/* End PBXSourcesBuildPhase section */

/* Begin XCBuildConfiguration section */
		6EF0D6282660C81400AD6010 /* Debug */ = {
			isa = XCBuildConfiguration;
			buildSettings = {
				ALWAYS_SEARCH_USER_PATHS = NO;
				CLANG_ANALYZER_NONNULL = YES;
				CLANG_ANALYZER_NUMBER_OBJECT_CONVERSION = YES_AGGRESSIVE;
				CLANG_CXX_LANGUAGE_STANDARD = "gnu++14";
				CLANG_CXX_LIBRARY = "libc++";
				CLANG_ENABLE_MODULES = YES;
				CLANG_ENABLE_OBJC_ARC = YES;
				CLANG_ENABLE_OBJC_WEAK = YES;
				CLANG_WARN_BLOCK_CAPTURE_AUTORELEASING = YES;
				CLANG_WARN_BOOL_CONVERSION = YES;
				CLANG_WARN_COMMA = YES;
				CLANG_WARN_CONSTANT_CONVERSION = YES;
				CLANG_WARN_DEPRECATED_OBJC_IMPLEMENTATIONS = YES;
				CLANG_WARN_DIRECT_OBJC_ISA_USAGE = YES_ERROR;
				CLANG_WARN_DOCUMENTATION_COMMENTS = YES;
				CLANG_WARN_EMPTY_BODY = YES;
				CLANG_WARN_ENUM_CONVERSION = YES;
				CLANG_WARN_INFINITE_RECURSION = YES;
				CLANG_WARN_INT_CONVERSION = YES;
				CLANG_WARN_NON_LITERAL_NULL_CONVERSION = YES;
				CLANG_WARN_OBJC_IMPLICIT_RETAIN_SELF = YES;
				CLANG_WARN_OBJC_LITERAL_CONVERSION = YES;
				CLANG_WARN_OBJC_ROOT_CLASS = YES_ERROR;
				CLANG_WARN_QUOTED_INCLUDE_IN_FRAMEWORK_HEADER = YES;
				CLANG_WARN_RANGE_LOOP_ANALYSIS = YES;
				CLANG_WARN_STRICT_PROTOTYPES = YES;
				CLANG_WARN_SUSPICIOUS_MOVE = YES;
				CLANG_WARN_UNGUARDED_AVAILABILITY = YES_AGGRESSIVE;
				CLANG_WARN_UNREACHABLE_CODE = YES;
				CLANG_WARN__DUPLICATE_METHOD_MATCH = YES;
				COPY_PHASE_STRIP = NO;
				DEBUG_INFORMATION_FORMAT = dwarf;
				ENABLE_STRICT_OBJC_MSGSEND = YES;
				ENABLE_TESTABILITY = YES;
				GCC_C_LANGUAGE_STANDARD = gnu11;
				GCC_DYNAMIC_NO_PIC = NO;
				GCC_NO_COMMON_BLOCKS = YES;
				GCC_OPTIMIZATION_LEVEL = 0;
				GCC_PREPROCESSOR_DEFINITIONS = (
					"DEBUG=1",
					"$(inherited)",
				);
				GCC_WARN_64_TO_32_BIT_CONVERSION = YES;
				GCC_WARN_ABOUT_RETURN_TYPE = YES_ERROR;
				GCC_WARN_UNDECLARED_SELECTOR = YES;
				GCC_WARN_UNINITIALIZED_AUTOS = YES_AGGRESSIVE;
				GCC_WARN_UNUSED_FUNCTION = YES;
				GCC_WARN_UNUSED_VARIABLE = YES;
				IPHONEOS_DEPLOYMENT_TARGET = 14.4;
				MTL_ENABLE_DEBUG_INFO = INCLUDE_SOURCE;
				MTL_FAST_MATH = YES;
				ONLY_ACTIVE_ARCH = YES;
				SDKROOT = iphoneos;
				SWIFT_ACTIVE_COMPILATION_CONDITIONS = DEBUG;
				SWIFT_OPTIMIZATION_LEVEL = "-Onone";
			};
			name = Debug;
		};
		6EF0D6292660C81400AD6010 /* Release */ = {
			isa = XCBuildConfiguration;
			buildSettings = {
				ALWAYS_SEARCH_USER_PATHS = NO;
				CLANG_ANALYZER_NONNULL = YES;
				CLANG_ANALYZER_NUMBER_OBJECT_CONVERSION = YES_AGGRESSIVE;
				CLANG_CXX_LANGUAGE_STANDARD = "gnu++14";
				CLANG_CXX_LIBRARY = "libc++";
				CLANG_ENABLE_MODULES = YES;
				CLANG_ENABLE_OBJC_ARC = YES;
				CLANG_ENABLE_OBJC_WEAK = YES;
				CLANG_WARN_BLOCK_CAPTURE_AUTORELEASING = YES;
				CLANG_WARN_BOOL_CONVERSION = YES;
				CLANG_WARN_COMMA = YES;
				CLANG_WARN_CONSTANT_CONVERSION = YES;
				CLANG_WARN_DEPRECATED_OBJC_IMPLEMENTATIONS = YES;
				CLANG_WARN_DIRECT_OBJC_ISA_USAGE = YES_ERROR;
				CLANG_WARN_DOCUMENTATION_COMMENTS = YES;
				CLANG_WARN_EMPTY_BODY = YES;
				CLANG_WARN_ENUM_CONVERSION = YES;
				CLANG_WARN_INFINITE_RECURSION = YES;
				CLANG_WARN_INT_CONVERSION = YES;
				CLANG_WARN_NON_LITERAL_NULL_CONVERSION = YES;
				CLANG_WARN_OBJC_IMPLICIT_RETAIN_SELF = YES;
				CLANG_WARN_OBJC_LITERAL_CONVERSION = YES;
				CLANG_WARN_OBJC_ROOT_CLASS = YES_ERROR;
				CLANG_WARN_QUOTED_INCLUDE_IN_FRAMEWORK_HEADER = YES;
				CLANG_WARN_RANGE_LOOP_ANALYSIS = YES;
				CLANG_WARN_STRICT_PROTOTYPES = YES;
				CLANG_WARN_SUSPICIOUS_MOVE = YES;
				CLANG_WARN_UNGUARDED_AVAILABILITY = YES_AGGRESSIVE;
				CLANG_WARN_UNREACHABLE_CODE = YES;
				CLANG_WARN__DUPLICATE_METHOD_MATCH = YES;
				COPY_PHASE_STRIP = NO;
				DEBUG_INFORMATION_FORMAT = "dwarf-with-dsym";
				ENABLE_NS_ASSERTIONS = NO;
				ENABLE_STRICT_OBJC_MSGSEND = YES;
				GCC_C_LANGUAGE_STANDARD = gnu11;
				GCC_NO_COMMON_BLOCKS = YES;
				GCC_WARN_64_TO_32_BIT_CONVERSION = YES;
				GCC_WARN_ABOUT_RETURN_TYPE = YES_ERROR;
				GCC_WARN_UNDECLARED_SELECTOR = YES;
				GCC_WARN_UNINITIALIZED_AUTOS = YES_AGGRESSIVE;
				GCC_WARN_UNUSED_FUNCTION = YES;
				GCC_WARN_UNUSED_VARIABLE = YES;
				IPHONEOS_DEPLOYMENT_TARGET = 14.4;
				MTL_ENABLE_DEBUG_INFO = NO;
				MTL_FAST_MATH = YES;
				SDKROOT = iphoneos;
				SWIFT_COMPILATION_MODE = wholemodule;
				SWIFT_OPTIMIZATION_LEVEL = "-O";
				VALIDATE_PRODUCT = YES;
			};
			name = Release;
		};
		6EF0D62B2660C81400AD6010 /* Debug */ = {
			isa = XCBuildConfiguration;
			buildSettings = {
				ASSETCATALOG_COMPILER_APPICON_NAME = AppIcon;
				ASSETCATALOG_COMPILER_GLOBAL_ACCENT_COLOR_NAME = AccentColor;
				CODE_SIGN_STYLE = Automatic;
				DEVELOPMENT_ASSET_PATHS = "\"Animeote/Preview Content\"";
				ENABLE_PREVIEWS = YES;
				INFOPLIST_FILE = Animeote/Info.plist;
				IPHONEOS_DEPLOYMENT_TARGET = 14.0;
				LD_RUNPATH_SEARCH_PATHS = (
					"$(inherited)",
					"@executable_path/Frameworks",
				);
				PRODUCT_BUNDLE_IDENTIFIER = com.descifrador.Animeote;
				PRODUCT_NAME = "$(TARGET_NAME)";
				SWIFT_VERSION = 5.0;
				TARGETED_DEVICE_FAMILY = "1,2";
			};
			name = Debug;
		};
		6EF0D62C2660C81400AD6010 /* Release */ = {
			isa = XCBuildConfiguration;
			buildSettings = {
				ASSETCATALOG_COMPILER_APPICON_NAME = AppIcon;
				ASSETCATALOG_COMPILER_GLOBAL_ACCENT_COLOR_NAME = AccentColor;
				CODE_SIGN_STYLE = Automatic;
				DEVELOPMENT_ASSET_PATHS = "\"Animeote/Preview Content\"";
				ENABLE_PREVIEWS = YES;
				INFOPLIST_FILE = Animeote/Info.plist;
				IPHONEOS_DEPLOYMENT_TARGET = 14.0;
				LD_RUNPATH_SEARCH_PATHS = (
					"$(inherited)",
					"@executable_path/Frameworks",
				);
				PRODUCT_BUNDLE_IDENTIFIER = com.descifrador.Animeote;
				PRODUCT_NAME = "$(TARGET_NAME)";
				SWIFT_VERSION = 5.0;
				TARGETED_DEVICE_FAMILY = "1,2";
			};
			name = Release;
		};
/* End XCBuildConfiguration section */

/* Begin XCConfigurationList section */
		6EF0D6112660C81100AD6010 /* Build configuration list for PBXProject "Animeote" */ = {
			isa = XCConfigurationList;
			buildConfigurations = (
				6EF0D6282660C81400AD6010 /* Debug */,
				6EF0D6292660C81400AD6010 /* Release */,
			);
			defaultConfigurationIsVisible = 0;
			defaultConfigurationName = Release;
		};
		6EF0D62A2660C81400AD6010 /* Build configuration list for PBXNativeTarget "Animeote" */ = {
			isa = XCConfigurationList;
			buildConfigurations = (
				6EF0D62B2660C81400AD6010 /* Debug */,
				6EF0D62C2660C81400AD6010 /* Release */,
			);
			defaultConfigurationIsVisible = 0;
			defaultConfigurationName = Release;
		};
/* End XCConfigurationList section */

/* Begin XCVersionGroup section */
		6EF0D6242660C81400AD6010 /* Animeote.xcdatamodeld */ = {
			isa = XCVersionGroup;
			children = (
				6EF0D6252660C81400AD6010 /* Animeote.xcdatamodel */,
			);
			currentVersion = 6EF0D6252660C81400AD6010 /* Animeote.xcdatamodel */;
			path = Animeote.xcdatamodeld;
			sourceTree = "<group>";
			versionGroupType = wrapper.xcdatamodel;
		};
/* End XCVersionGroup section */
	};
	rootObject = 6EF0D60E2660C81100AD6010 /* Project object */;
}
